// !$*UTF8*$!
{
	archiveVersion = 1;
	classes = {
	};
	objectVersion = 50;
	objects = {

/* Begin PBXBuildFile section */
		21147B9558F117C0F2C73D19 /* Pods_L_T_A_S_Abenayaka_cobsccomp182p_008_L_T_A_S_Abenayaka_cobsccomp182p_008UITests.framework in Frameworks */ = {isa = PBXBuildFile; fileRef = E31D02FD1992BD54D19BDDDA /* Pods_L_T_A_S_Abenayaka_cobsccomp182p_008_L_T_A_S_Abenayaka_cobsccomp182p_008UITests.framework */; };
		27F1D70CB74A86C633DCD0B3 /* Pods_L_T_A_S_Abenayaka_cobsccomp182p_008Tests.framework in Frameworks */ = {isa = PBXBuildFile; fileRef = 1FA6F2C0E93E8265B7DC47F4 /* Pods_L_T_A_S_Abenayaka_cobsccomp182p_008Tests.framework */; };
		3C55583623FE4F61005530B2 /* AppDelegate.swift in Sources */ = {isa = PBXBuildFile; fileRef = 3C55583523FE4F61005530B2 /* AppDelegate.swift */; };
		3C55583823FE4F61005530B2 /* ViewController.swift in Sources */ = {isa = PBXBuildFile; fileRef = 3C55583723FE4F61005530B2 /* ViewController.swift */; };
		3C55583B23FE4F61005530B2 /* Main.storyboard in Resources */ = {isa = PBXBuildFile; fileRef = 3C55583923FE4F61005530B2 /* Main.storyboard */; };
		3C55583D23FE4F62005530B2 /* Assets.xcassets in Resources */ = {isa = PBXBuildFile; fileRef = 3C55583C23FE4F62005530B2 /* Assets.xcassets */; };
		3C55584023FE4F62005530B2 /* LaunchScreen.storyboard in Resources */ = {isa = PBXBuildFile; fileRef = 3C55583E23FE4F62005530B2 /* LaunchScreen.storyboard */; };
		3C55584B23FE4F62005530B2 /* L_T_A_S_Abenayaka_cobsccomp182p_008Tests.swift in Sources */ = {isa = PBXBuildFile; fileRef = 3C55584A23FE4F62005530B2 /* L_T_A_S_Abenayaka_cobsccomp182p_008Tests.swift */; };
		3C55585623FE4F62005530B2 /* L_T_A_S_Abenayaka_cobsccomp182p_008UITests.swift in Sources */ = {isa = PBXBuildFile; fileRef = 3C55585523FE4F62005530B2 /* L_T_A_S_Abenayaka_cobsccomp182p_008UITests.swift */; };
		3C55586423FE525F005530B2 /* GoogleService-Info.plist in Resources */ = {isa = PBXBuildFile; fileRef = 3C55586323FE525F005530B2 /* GoogleService-Info.plist */; };
		DA650504DC84E4F6B6A3328A /* Pods_L_T_A_S_Abenayaka_cobsccomp182p_008.framework in Frameworks */ = {isa = PBXBuildFile; fileRef = 36094B7008D176B4074A2E93 /* Pods_L_T_A_S_Abenayaka_cobsccomp182p_008.framework */; };
/* End PBXBuildFile section */

/* Begin PBXContainerItemProxy section */
		3C55584723FE4F62005530B2 /* PBXContainerItemProxy */ = {
			isa = PBXContainerItemProxy;
			containerPortal = 3C55582A23FE4F60005530B2 /* Project object */;
			proxyType = 1;
			remoteGlobalIDString = 3C55583123FE4F61005530B2;
			remoteInfo = "L.T.A.S-Abenayaka-cobsccomp182p-008";
		};
		3C55585223FE4F62005530B2 /* PBXContainerItemProxy */ = {
			isa = PBXContainerItemProxy;
			containerPortal = 3C55582A23FE4F60005530B2 /* Project object */;
			proxyType = 1;
			remoteGlobalIDString = 3C55583123FE4F61005530B2;
			remoteInfo = "L.T.A.S-Abenayaka-cobsccomp182p-008";
		};
/* End PBXContainerItemProxy section */

/* Begin PBXFileReference section */
		1FA6F2C0E93E8265B7DC47F4 /* Pods_L_T_A_S_Abenayaka_cobsccomp182p_008Tests.framework */ = {isa = PBXFileReference; explicitFileType = wrapper.framework; includeInIndex = 0; path = Pods_L_T_A_S_Abenayaka_cobsccomp182p_008Tests.framework; sourceTree = BUILT_PRODUCTS_DIR; };
		36094B7008D176B4074A2E93 /* Pods_L_T_A_S_Abenayaka_cobsccomp182p_008.framework */ = {isa = PBXFileReference; explicitFileType = wrapper.framework; includeInIndex = 0; path = Pods_L_T_A_S_Abenayaka_cobsccomp182p_008.framework; sourceTree = BUILT_PRODUCTS_DIR; };
		376470F17BDC4C730E6E5A0A /* Pods-L.T.A.S-Abenayaka-cobsccomp182p-008.release.xcconfig */ = {isa = PBXFileReference; includeInIndex = 1; lastKnownFileType = text.xcconfig; name = "Pods-L.T.A.S-Abenayaka-cobsccomp182p-008.release.xcconfig"; path = "Target Support Files/Pods-L.T.A.S-Abenayaka-cobsccomp182p-008/Pods-L.T.A.S-Abenayaka-cobsccomp182p-008.release.xcconfig"; sourceTree = "<group>"; };
		3C55583223FE4F61005530B2 /* L.T.A.S-Abenayaka-cobsccomp182p-008.app */ = {isa = PBXFileReference; explicitFileType = wrapper.application; includeInIndex = 0; path = "L.T.A.S-Abenayaka-cobsccomp182p-008.app"; sourceTree = BUILT_PRODUCTS_DIR; };
		3C55583523FE4F61005530B2 /* AppDelegate.swift */ = {isa = PBXFileReference; lastKnownFileType = sourcecode.swift; path = AppDelegate.swift; sourceTree = "<group>"; };
		3C55583723FE4F61005530B2 /* ViewController.swift */ = {isa = PBXFileReference; lastKnownFileType = sourcecode.swift; path = ViewController.swift; sourceTree = "<group>"; };
		3C55583A23FE4F61005530B2 /* Base */ = {isa = PBXFileReference; lastKnownFileType = file.storyboard; name = Base; path = Base.lproj/Main.storyboard; sourceTree = "<group>"; };
		3C55583C23FE4F62005530B2 /* Assets.xcassets */ = {isa = PBXFileReference; lastKnownFileType = folder.assetcatalog; path = Assets.xcassets; sourceTree = "<group>"; };
		3C55583F23FE4F62005530B2 /* Base */ = {isa = PBXFileReference; lastKnownFileType = file.storyboard; name = Base; path = Base.lproj/LaunchScreen.storyboard; sourceTree = "<group>"; };
		3C55584123FE4F62005530B2 /* Info.plist */ = {isa = PBXFileReference; lastKnownFileType = text.plist.xml; path = Info.plist; sourceTree = "<group>"; };
		3C55584623FE4F62005530B2 /* L.T.A.S-Abenayaka-cobsccomp182p-008Tests.xctest */ = {isa = PBXFileReference; explicitFileType = wrapper.cfbundle; includeInIndex = 0; path = "L.T.A.S-Abenayaka-cobsccomp182p-008Tests.xctest"; sourceTree = BUILT_PRODUCTS_DIR; };
		3C55584A23FE4F62005530B2 /* L_T_A_S_Abenayaka_cobsccomp182p_008Tests.swift */ = {isa = PBXFileReference; lastKnownFileType = sourcecode.swift; path = L_T_A_S_Abenayaka_cobsccomp182p_008Tests.swift; sourceTree = "<group>"; };
		3C55584C23FE4F62005530B2 /* Info.plist */ = {isa = PBXFileReference; lastKnownFileType = text.plist.xml; path = Info.plist; sourceTree = "<group>"; };
		3C55585123FE4F62005530B2 /* L.T.A.S-Abenayaka-cobsccomp182p-008UITests.xctest */ = {isa = PBXFileReference; explicitFileType = wrapper.cfbundle; includeInIndex = 0; path = "L.T.A.S-Abenayaka-cobsccomp182p-008UITests.xctest"; sourceTree = BUILT_PRODUCTS_DIR; };
		3C55585523FE4F62005530B2 /* L_T_A_S_Abenayaka_cobsccomp182p_008UITests.swift */ = {isa = PBXFileReference; lastKnownFileType = sourcecode.swift; path = L_T_A_S_Abenayaka_cobsccomp182p_008UITests.swift; sourceTree = "<group>"; };
		3C55585723FE4F62005530B2 /* Info.plist */ = {isa = PBXFileReference; lastKnownFileType = text.plist.xml; path = Info.plist; sourceTree = "<group>"; };
		3C55586323FE525F005530B2 /* GoogleService-Info.plist */ = {isa = PBXFileReference; fileEncoding = 4; lastKnownFileType = text.plist.xml; path = "GoogleService-Info.plist"; sourceTree = "<group>"; };
		5E393EC38B1E9B8EE053CC11 /* Pods-L.T.A.S-Abenayaka-cobsccomp182p-008Tests.release.xcconfig */ = {isa = PBXFileReference; includeInIndex = 1; lastKnownFileType = text.xcconfig; name = "Pods-L.T.A.S-Abenayaka-cobsccomp182p-008Tests.release.xcconfig"; path = "Target Support Files/Pods-L.T.A.S-Abenayaka-cobsccomp182p-008Tests/Pods-L.T.A.S-Abenayaka-cobsccomp182p-008Tests.release.xcconfig"; sourceTree = "<group>"; };
		64332E83D6A0B5187BDA1BEF /* Pods-L.T.A.S-Abenayaka-cobsccomp182p-008Tests.debug.xcconfig */ = {isa = PBXFileReference; includeInIndex = 1; lastKnownFileType = text.xcconfig; name = "Pods-L.T.A.S-Abenayaka-cobsccomp182p-008Tests.debug.xcconfig"; path = "Target Support Files/Pods-L.T.A.S-Abenayaka-cobsccomp182p-008Tests/Pods-L.T.A.S-Abenayaka-cobsccomp182p-008Tests.debug.xcconfig"; sourceTree = "<group>"; };
		671C6600BC33410FC067B800 /* Pods-L.T.A.S-Abenayaka-cobsccomp182p-008-L.T.A.S-Abenayaka-cobsccomp182p-008UITests.release.xcconfig */ = {isa = PBXFileReference; includeInIndex = 1; lastKnownFileType = text.xcconfig; name = "Pods-L.T.A.S-Abenayaka-cobsccomp182p-008-L.T.A.S-Abenayaka-cobsccomp182p-008UITests.release.xcconfig"; path = "Target Support Files/Pods-L.T.A.S-Abenayaka-cobsccomp182p-008-L.T.A.S-Abenayaka-cobsccomp182p-008UITests/Pods-L.T.A.S-Abenayaka-cobsccomp182p-008-L.T.A.S-Abenayaka-cobsccomp182p-008UITests.release.xcconfig"; sourceTree = "<group>"; };
		78AE8EEB6E1D1684F3FFD784 /* Pods-L.T.A.S-Abenayaka-cobsccomp182p-008.debug.xcconfig */ = {isa = PBXFileReference; includeInIndex = 1; lastKnownFileType = text.xcconfig; name = "Pods-L.T.A.S-Abenayaka-cobsccomp182p-008.debug.xcconfig"; path = "Target Support Files/Pods-L.T.A.S-Abenayaka-cobsccomp182p-008/Pods-L.T.A.S-Abenayaka-cobsccomp182p-008.debug.xcconfig"; sourceTree = "<group>"; };
		E31D02FD1992BD54D19BDDDA /* Pods_L_T_A_S_Abenayaka_cobsccomp182p_008_L_T_A_S_Abenayaka_cobsccomp182p_008UITests.framework */ = {isa = PBXFileReference; explicitFileType = wrapper.framework; includeInIndex = 0; path = Pods_L_T_A_S_Abenayaka_cobsccomp182p_008_L_T_A_S_Abenayaka_cobsccomp182p_008UITests.framework; sourceTree = BUILT_PRODUCTS_DIR; };
		EE88000837252D2438089134 /* Pods-L.T.A.S-Abenayaka-cobsccomp182p-008-L.T.A.S-Abenayaka-cobsccomp182p-008UITests.debug.xcconfig */ = {isa = PBXFileReference; includeInIndex = 1; lastKnownFileType = text.xcconfig; name = "Pods-L.T.A.S-Abenayaka-cobsccomp182p-008-L.T.A.S-Abenayaka-cobsccomp182p-008UITests.debug.xcconfig"; path = "Target Support Files/Pods-L.T.A.S-Abenayaka-cobsccomp182p-008-L.T.A.S-Abenayaka-cobsccomp182p-008UITests/Pods-L.T.A.S-Abenayaka-cobsccomp182p-008-L.T.A.S-Abenayaka-cobsccomp182p-008UITests.debug.xcconfig"; sourceTree = "<group>"; };
/* End PBXFileReference section */

/* Begin PBXFrameworksBuildPhase section */
		3C55582F23FE4F61005530B2 /* Frameworks */ = {
			isa = PBXFrameworksBuildPhase;
			buildActionMask = 2147483647;
			files = (
				DA650504DC84E4F6B6A3328A /* Pods_L_T_A_S_Abenayaka_cobsccomp182p_008.framework in Frameworks */,
			);
			runOnlyForDeploymentPostprocessing = 0;
		};
		3C55584323FE4F62005530B2 /* Frameworks */ = {
			isa = PBXFrameworksBuildPhase;
			buildActionMask = 2147483647;
			files = (
				27F1D70CB74A86C633DCD0B3 /* Pods_L_T_A_S_Abenayaka_cobsccomp182p_008Tests.framework in Frameworks */,
			);
			runOnlyForDeploymentPostprocessing = 0;
		};
		3C55584E23FE4F62005530B2 /* Frameworks */ = {
			isa = PBXFrameworksBuildPhase;
			buildActionMask = 2147483647;
			files = (
				21147B9558F117C0F2C73D19 /* Pods_L_T_A_S_Abenayaka_cobsccomp182p_008_L_T_A_S_Abenayaka_cobsccomp182p_008UITests.framework in Frameworks */,
			);
			runOnlyForDeploymentPostprocessing = 0;
		};
/* End PBXFrameworksBuildPhase section */

/* Begin PBXGroup section */
		3C55582923FE4F60005530B2 = {
			isa = PBXGroup;
			children = (
				3C55583423FE4F61005530B2 /* L.T.A.S-Abenayaka-cobsccomp182p-008 */,
				3C55584923FE4F62005530B2 /* L.T.A.S-Abenayaka-cobsccomp182p-008Tests */,
				3C55585423FE4F62005530B2 /* L.T.A.S-Abenayaka-cobsccomp182p-008UITests */,
				3C55583323FE4F61005530B2 /* Products */,
				D107916F28E58E80D5A08013 /* Pods */,
				DEA8043EFE03DC435DD7BABE /* Frameworks */,
			);
			sourceTree = "<group>";
		};
		3C55583323FE4F61005530B2 /* Products */ = {
			isa = PBXGroup;
			children = (
				3C55583223FE4F61005530B2 /* L.T.A.S-Abenayaka-cobsccomp182p-008.app */,
				3C55584623FE4F62005530B2 /* L.T.A.S-Abenayaka-cobsccomp182p-008Tests.xctest */,
				3C55585123FE4F62005530B2 /* L.T.A.S-Abenayaka-cobsccomp182p-008UITests.xctest */,
			);
			name = Products;
			sourceTree = "<group>";
		};
		3C55583423FE4F61005530B2 /* L.T.A.S-Abenayaka-cobsccomp182p-008 */ = {
			isa = PBXGroup;
			children = (
				3C55586323FE525F005530B2 /* GoogleService-Info.plist */,
				3C55583523FE4F61005530B2 /* AppDelegate.swift */,
				3C55583723FE4F61005530B2 /* ViewController.swift */,
				3C55583923FE4F61005530B2 /* Main.storyboard */,
				3C55583C23FE4F62005530B2 /* Assets.xcassets */,
				3C55583E23FE4F62005530B2 /* LaunchScreen.storyboard */,
				3C55584123FE4F62005530B2 /* Info.plist */,
			);
			path = "L.T.A.S-Abenayaka-cobsccomp182p-008";
			sourceTree = "<group>";
		};
		3C55584923FE4F62005530B2 /* L.T.A.S-Abenayaka-cobsccomp182p-008Tests */ = {
			isa = PBXGroup;
			children = (
				3C55584A23FE4F62005530B2 /* L_T_A_S_Abenayaka_cobsccomp182p_008Tests.swift */,
				3C55584C23FE4F62005530B2 /* Info.plist */,
			);
			path = "L.T.A.S-Abenayaka-cobsccomp182p-008Tests";
			sourceTree = "<group>";
		};
		3C55585423FE4F62005530B2 /* L.T.A.S-Abenayaka-cobsccomp182p-008UITests */ = {
			isa = PBXGroup;
			children = (
				3C55585523FE4F62005530B2 /* L_T_A_S_Abenayaka_cobsccomp182p_008UITests.swift */,
				3C55585723FE4F62005530B2 /* Info.plist */,
			);
			path = "L.T.A.S-Abenayaka-cobsccomp182p-008UITests";
			sourceTree = "<group>";
		};
		D107916F28E58E80D5A08013 /* Pods */ = {
			isa = PBXGroup;
			children = (
				78AE8EEB6E1D1684F3FFD784 /* Pods-L.T.A.S-Abenayaka-cobsccomp182p-008.debug.xcconfig */,
				376470F17BDC4C730E6E5A0A /* Pods-L.T.A.S-Abenayaka-cobsccomp182p-008.release.xcconfig */,
				EE88000837252D2438089134 /* Pods-L.T.A.S-Abenayaka-cobsccomp182p-008-L.T.A.S-Abenayaka-cobsccomp182p-008UITests.debug.xcconfig */,
				671C6600BC33410FC067B800 /* Pods-L.T.A.S-Abenayaka-cobsccomp182p-008-L.T.A.S-Abenayaka-cobsccomp182p-008UITests.release.xcconfig */,
				64332E83D6A0B5187BDA1BEF /* Pods-L.T.A.S-Abenayaka-cobsccomp182p-008Tests.debug.xcconfig */,
				5E393EC38B1E9B8EE053CC11 /* Pods-L.T.A.S-Abenayaka-cobsccomp182p-008Tests.release.xcconfig */,
			);
			name = Pods;
			path = Pods;
			sourceTree = "<group>";
		};
		DEA8043EFE03DC435DD7BABE /* Frameworks */ = {
			isa = PBXGroup;
			children = (
				36094B7008D176B4074A2E93 /* Pods_L_T_A_S_Abenayaka_cobsccomp182p_008.framework */,
				E31D02FD1992BD54D19BDDDA /* Pods_L_T_A_S_Abenayaka_cobsccomp182p_008_L_T_A_S_Abenayaka_cobsccomp182p_008UITests.framework */,
				1FA6F2C0E93E8265B7DC47F4 /* Pods_L_T_A_S_Abenayaka_cobsccomp182p_008Tests.framework */,
			);
			name = Frameworks;
			sourceTree = "<group>";
		};
/* End PBXGroup section */

/* Begin PBXNativeTarget section */
		3C55583123FE4F61005530B2 /* L.T.A.S-Abenayaka-cobsccomp182p-008 */ = {
			isa = PBXNativeTarget;
			buildConfigurationList = 3C55585A23FE4F62005530B2 /* Build configuration list for PBXNativeTarget "L.T.A.S-Abenayaka-cobsccomp182p-008" */;
			buildPhases = (
				FA8D40B63782BE8D404E91A4 /* [CP] Check Pods Manifest.lock */,
				3C55582E23FE4F61005530B2 /* Sources */,
				3C55582F23FE4F61005530B2 /* Frameworks */,
				3C55583023FE4F61005530B2 /* Resources */,
				76322F698A52178887B5552E /* [CP] Embed Pods Frameworks */,
			);
			buildRules = (
			);
			dependencies = (
			);
			name = "L.T.A.S-Abenayaka-cobsccomp182p-008";
			productName = "L.T.A.S-Abenayaka-cobsccomp182p-008";
			productReference = 3C55583223FE4F61005530B2 /* L.T.A.S-Abenayaka-cobsccomp182p-008.app */;
			productType = "com.apple.product-type.application";
		};
		3C55584523FE4F62005530B2 /* L.T.A.S-Abenayaka-cobsccomp182p-008Tests */ = {
			isa = PBXNativeTarget;
			buildConfigurationList = 3C55585D23FE4F62005530B2 /* Build configuration list for PBXNativeTarget "L.T.A.S-Abenayaka-cobsccomp182p-008Tests" */;
			buildPhases = (
				B798E2EBFA8D22C6E79BEC62 /* [CP] Check Pods Manifest.lock */,
				3C55584223FE4F62005530B2 /* Sources */,
				3C55584323FE4F62005530B2 /* Frameworks */,
				3C55584423FE4F62005530B2 /* Resources */,
			);
			buildRules = (
			);
			dependencies = (
				3C55584823FE4F62005530B2 /* PBXTargetDependency */,
			);
			name = "L.T.A.S-Abenayaka-cobsccomp182p-008Tests";
			productName = "L.T.A.S-Abenayaka-cobsccomp182p-008Tests";
			productReference = 3C55584623FE4F62005530B2 /* L.T.A.S-Abenayaka-cobsccomp182p-008Tests.xctest */;
			productType = "com.apple.product-type.bundle.unit-test";
		};
		3C55585023FE4F62005530B2 /* L.T.A.S-Abenayaka-cobsccomp182p-008UITests */ = {
			isa = PBXNativeTarget;
			buildConfigurationList = 3C55586023FE4F62005530B2 /* Build configuration list for PBXNativeTarget "L.T.A.S-Abenayaka-cobsccomp182p-008UITests" */;
			buildPhases = (
				F98266E3C825F93699980F5D /* [CP] Check Pods Manifest.lock */,
				3C55584D23FE4F62005530B2 /* Sources */,
				3C55584E23FE4F62005530B2 /* Frameworks */,
				3C55584F23FE4F62005530B2 /* Resources */,
				3F3160FDC43AFEC17981F580 /* [CP] Embed Pods Frameworks */,
			);
			buildRules = (
			);
			dependencies = (
				3C55585323FE4F62005530B2 /* PBXTargetDependency */,
			);
			name = "L.T.A.S-Abenayaka-cobsccomp182p-008UITests";
			productName = "L.T.A.S-Abenayaka-cobsccomp182p-008UITests";
			productReference = 3C55585123FE4F62005530B2 /* L.T.A.S-Abenayaka-cobsccomp182p-008UITests.xctest */;
			productType = "com.apple.product-type.bundle.ui-testing";
		};
/* End PBXNativeTarget section */

/* Begin PBXProject section */
		3C55582A23FE4F60005530B2 /* Project object */ = {
			isa = PBXProject;
			attributes = {
				LastSwiftUpdateCheck = 1030;
				LastUpgradeCheck = 1030;
				ORGANIZATIONNAME = "Anjalee Abenayaka";
				TargetAttributes = {
					3C55583123FE4F61005530B2 = {
						CreatedOnToolsVersion = 10.3;
					};
					3C55584523FE4F62005530B2 = {
						CreatedOnToolsVersion = 10.3;
						TestTargetID = 3C55583123FE4F61005530B2;
					};
					3C55585023FE4F62005530B2 = {
						CreatedOnToolsVersion = 10.3;
						TestTargetID = 3C55583123FE4F61005530B2;
					};
				};
			};
			buildConfigurationList = 3C55582D23FE4F60005530B2 /* Build configuration list for PBXProject "L.T.A.S-Abenayaka-cobsccomp182p-008" */;
			compatibilityVersion = "Xcode 9.3";
			developmentRegion = en;
			hasScannedForEncodings = 0;
			knownRegions = (
				en,
				Base,
			);
			mainGroup = 3C55582923FE4F60005530B2;
			productRefGroup = 3C55583323FE4F61005530B2 /* Products */;
			projectDirPath = "";
			projectRoot = "";
			targets = (
				3C55583123FE4F61005530B2 /* L.T.A.S-Abenayaka-cobsccomp182p-008 */,
				3C55584523FE4F62005530B2 /* L.T.A.S-Abenayaka-cobsccomp182p-008Tests */,
				3C55585023FE4F62005530B2 /* L.T.A.S-Abenayaka-cobsccomp182p-008UITests */,
			);
		};
/* End PBXProject section */

/* Begin PBXResourcesBuildPhase section */
		3C55583023FE4F61005530B2 /* Resources */ = {
			isa = PBXResourcesBuildPhase;
			buildActionMask = 2147483647;
			files = (
				3C55584023FE4F62005530B2 /* LaunchScreen.storyboard in Resources */,
				3C55586423FE525F005530B2 /* GoogleService-Info.plist in Resources */,
				3C55583D23FE4F62005530B2 /* Assets.xcassets in Resources */,
				3C55583B23FE4F61005530B2 /* Main.storyboard in Resources */,
			);
			runOnlyForDeploymentPostprocessing = 0;
		};
		3C55584423FE4F62005530B2 /* Resources */ = {
			isa = PBXResourcesBuildPhase;
			buildActionMask = 2147483647;
			files = (
			);
			runOnlyForDeploymentPostprocessing = 0;
		};
		3C55584F23FE4F62005530B2 /* Resources */ = {
			isa = PBXResourcesBuildPhase;
			buildActionMask = 2147483647;
			files = (
			);
			runOnlyForDeploymentPostprocessing = 0;
		};
/* End PBXResourcesBuildPhase section */

/* Begin PBXShellScriptBuildPhase section */
		3F3160FDC43AFEC17981F580 /* [CP] Embed Pods Frameworks */ = {
			isa = PBXShellScriptBuildPhase;
			buildActionMask = 2147483647;
			files = (
			);
			inputFileListPaths = (
				"${PODS_ROOT}/Target Support Files/Pods-L.T.A.S-Abenayaka-cobsccomp182p-008-L.T.A.S-Abenayaka-cobsccomp182p-008UITests/Pods-L.T.A.S-Abenayaka-cobsccomp182p-008-L.T.A.S-Abenayaka-cobsccomp182p-008UITests-frameworks-${CONFIGURATION}-input-files.xcfilelist",
			);
			name = "[CP] Embed Pods Frameworks";
			outputFileListPaths = (
				"${PODS_ROOT}/Target Support Files/Pods-L.T.A.S-Abenayaka-cobsccomp182p-008-L.T.A.S-Abenayaka-cobsccomp182p-008UITests/Pods-L.T.A.S-Abenayaka-cobsccomp182p-008-L.T.A.S-Abenayaka-cobsccomp182p-008UITests-frameworks-${CONFIGURATION}-output-files.xcfilelist",
			);
			runOnlyForDeploymentPostprocessing = 0;
			shellPath = /bin/sh;
			shellScript = "\"${PODS_ROOT}/Target Support Files/Pods-L.T.A.S-Abenayaka-cobsccomp182p-008-L.T.A.S-Abenayaka-cobsccomp182p-008UITests/Pods-L.T.A.S-Abenayaka-cobsccomp182p-008-L.T.A.S-Abenayaka-cobsccomp182p-008UITests-frameworks.sh\"\n";
			showEnvVarsInLog = 0;
		};
		76322F698A52178887B5552E /* [CP] Embed Pods Frameworks */ = {
			isa = PBXShellScriptBuildPhase;
			buildActionMask = 2147483647;
			files = (
			);
			inputFileListPaths = (
				"${PODS_ROOT}/Target Support Files/Pods-L.T.A.S-Abenayaka-cobsccomp182p-008/Pods-L.T.A.S-Abenayaka-cobsccomp182p-008-frameworks-${CONFIGURATION}-input-files.xcfilelist",
			);
			name = "[CP] Embed Pods Frameworks";
			outputFileListPaths = (
				"${PODS_ROOT}/Target Support Files/Pods-L.T.A.S-Abenayaka-cobsccomp182p-008/Pods-L.T.A.S-Abenayaka-cobsccomp182p-008-frameworks-${CONFIGURATION}-output-files.xcfilelist",
			);
			runOnlyForDeploymentPostprocessing = 0;
			shellPath = /bin/sh;
			shellScript = "\"${PODS_ROOT}/Target Support Files/Pods-L.T.A.S-Abenayaka-cobsccomp182p-008/Pods-L.T.A.S-Abenayaka-cobsccomp182p-008-frameworks.sh\"\n";
			showEnvVarsInLog = 0;
		};
		B798E2EBFA8D22C6E79BEC62 /* [CP] Check Pods Manifest.lock */ = {
			isa = PBXShellScriptBuildPhase;
			buildActionMask = 2147483647;
			files = (
			);
			inputFileListPaths = (
			);
			inputPaths = (
				"${PODS_PODFILE_DIR_PATH}/Podfile.lock",
				"${PODS_ROOT}/Manifest.lock",
			);
			name = "[CP] Check Pods Manifest.lock";
			outputFileListPaths = (
			);
			outputPaths = (
				"$(DERIVED_FILE_DIR)/Pods-L.T.A.S-Abenayaka-cobsccomp182p-008Tests-checkManifestLockResult.txt",
			);
			runOnlyForDeploymentPostprocessing = 0;
			shellPath = /bin/sh;
			shellScript = "diff \"${PODS_PODFILE_DIR_PATH}/Podfile.lock\" \"${PODS_ROOT}/Manifest.lock\" > /dev/null\nif [ $? != 0 ] ; then\n    # print error to STDERR\n    echo \"error: The sandbox is not in sync with the Podfile.lock. Run 'pod install' or update your CocoaPods installation.\" >&2\n    exit 1\nfi\n# This output is used by Xcode 'outputs' to avoid re-running this script phase.\necho \"SUCCESS\" > \"${SCRIPT_OUTPUT_FILE_0}\"\n";
			showEnvVarsInLog = 0;
		};
		F98266E3C825F93699980F5D /* [CP] Check Pods Manifest.lock */ = {
			isa = PBXShellScriptBuildPhase;
			buildActionMask = 2147483647;
			files = (
			);
			inputFileListPaths = (
			);
			inputPaths = (
				"${PODS_PODFILE_DIR_PATH}/Podfile.lock",
				"${PODS_ROOT}/Manifest.lock",
			);
			name = "[CP] Check Pods Manifest.lock";
			outputFileListPaths = (
			);
			outputPaths = (
				"$(DERIVED_FILE_DIR)/Pods-L.T.A.S-Abenayaka-cobsccomp182p-008-L.T.A.S-Abenayaka-cobsccomp182p-008UITests-checkManifestLockResult.txt",
			);
			runOnlyForDeploymentPostprocessing = 0;
			shellPath = /bin/sh;
			shellScript = "diff \"${PODS_PODFILE_DIR_PATH}/Podfile.lock\" \"${PODS_ROOT}/Manifest.lock\" > /dev/null\nif [ $? != 0 ] ; then\n    # print error to STDERR\n    echo \"error: The sandbox is not in sync with the Podfile.lock. Run 'pod install' or update your CocoaPods installation.\" >&2\n    exit 1\nfi\n# This output is used by Xcode 'outputs' to avoid re-running this script phase.\necho \"SUCCESS\" > \"${SCRIPT_OUTPUT_FILE_0}\"\n";
			showEnvVarsInLog = 0;
		};
		FA8D40B63782BE8D404E91A4 /* [CP] Check Pods Manifest.lock */ = {
			isa = PBXShellScriptBuildPhase;
			buildActionMask = 2147483647;
			files = (
			);
			inputFileListPaths = (
			);
			inputPaths = (
				"${PODS_PODFILE_DIR_PATH}/Podfile.lock",
				"${PODS_ROOT}/Manifest.lock",
			);
			name = "[CP] Check Pods Manifest.lock";
			outputFileListPaths = (
			);
			outputPaths = (
				"$(DERIVED_FILE_DIR)/Pods-L.T.A.S-Abenayaka-cobsccomp182p-008-checkManifestLockResult.txt",
			);
			runOnlyForDeploymentPostprocessing = 0;
			shellPath = /bin/sh;
			shellScript = "diff \"${PODS_PODFILE_DIR_PATH}/Podfile.lock\" \"${PODS_ROOT}/Manifest.lock\" > /dev/null\nif [ $? != 0 ] ; then\n    # print error to STDERR\n    echo \"error: The sandbox is not in sync with the Podfile.lock. Run 'pod install' or update your CocoaPods installation.\" >&2\n    exit 1\nfi\n# This output is used by Xcode 'outputs' to avoid re-running this script phase.\necho \"SUCCESS\" > \"${SCRIPT_OUTPUT_FILE_0}\"\n";
			showEnvVarsInLog = 0;
		};
/* End PBXShellScriptBuildPhase section */

/* Begin PBXSourcesBuildPhase section */
		3C55582E23FE4F61005530B2 /* Sources */ = {
			isa = PBXSourcesBuildPhase;
			buildActionMask = 2147483647;
			files = (
				3C55583823FE4F61005530B2 /* ViewController.swift in Sources */,
				3C55583623FE4F61005530B2 /* AppDelegate.swift in Sources */,
			);
			runOnlyForDeploymentPostprocessing = 0;
		};
		3C55584223FE4F62005530B2 /* Sources */ = {
			isa = PBXSourcesBuildPhase;
			buildActionMask = 2147483647;
			files = (
				3C55584B23FE4F62005530B2 /* L_T_A_S_Abenayaka_cobsccomp182p_008Tests.swift in Sources */,
			);
			runOnlyForDeploymentPostprocessing = 0;
		};
		3C55584D23FE4F62005530B2 /* Sources */ = {
			isa = PBXSourcesBuildPhase;
			buildActionMask = 2147483647;
			files = (
				3C55585623FE4F62005530B2 /* L_T_A_S_Abenayaka_cobsccomp182p_008UITests.swift in Sources */,
			);
			runOnlyForDeploymentPostprocessing = 0;
		};
/* End PBXSourcesBuildPhase section */

/* Begin PBXTargetDependency section */
		3C55584823FE4F62005530B2 /* PBXTargetDependency */ = {
			isa = PBXTargetDependency;
			target = 3C55583123FE4F61005530B2 /* L.T.A.S-Abenayaka-cobsccomp182p-008 */;
			targetProxy = 3C55584723FE4F62005530B2 /* PBXContainerItemProxy */;
		};
		3C55585323FE4F62005530B2 /* PBXTargetDependency */ = {
			isa = PBXTargetDependency;
			target = 3C55583123FE4F61005530B2 /* L.T.A.S-Abenayaka-cobsccomp182p-008 */;
			targetProxy = 3C55585223FE4F62005530B2 /* PBXContainerItemProxy */;
		};
/* End PBXTargetDependency section */

/* Begin PBXVariantGroup section */
		3C55583923FE4F61005530B2 /* Main.storyboard */ = {
			isa = PBXVariantGroup;
			children = (
				3C55583A23FE4F61005530B2 /* Base */,
			);
			name = Main.storyboard;
			sourceTree = "<group>";
		};
		3C55583E23FE4F62005530B2 /* LaunchScreen.storyboard */ = {
			isa = PBXVariantGroup;
			children = (
				3C55583F23FE4F62005530B2 /* Base */,
			);
			name = LaunchScreen.storyboard;
			sourceTree = "<group>";
		};
/* End PBXVariantGroup section */

/* Begin XCBuildConfiguration section */
		3C55585823FE4F62005530B2 /* Debug */ = {
			isa = XCBuildConfiguration;
			buildSettings = {
				ALWAYS_SEARCH_USER_PATHS = NO;
				CLANG_ANALYZER_NONNULL = YES;
				CLANG_ANALYZER_NUMBER_OBJECT_CONVERSION = YES_AGGRESSIVE;
				CLANG_CXX_LANGUAGE_STANDARD = "gnu++14";
				CLANG_CXX_LIBRARY = "libc++";
				CLANG_ENABLE_MODULES = YES;
				CLANG_ENABLE_OBJC_ARC = YES;
				CLANG_ENABLE_OBJC_WEAK = YES;
				CLANG_WARN_BLOCK_CAPTURE_AUTORELEASING = YES;
				CLANG_WARN_BOOL_CONVERSION = YES;
				CLANG_WARN_COMMA = YES;
				CLANG_WARN_CONSTANT_CONVERSION = YES;
				CLANG_WARN_DEPRECATED_OBJC_IMPLEMENTATIONS = YES;
				CLANG_WARN_DIRECT_OBJC_ISA_USAGE = YES_ERROR;
				CLANG_WARN_DOCUMENTATION_COMMENTS = YES;
				CLANG_WARN_EMPTY_BODY = YES;
				CLANG_WARN_ENUM_CONVERSION = YES;
				CLANG_WARN_INFINITE_RECURSION = YES;
				CLANG_WARN_INT_CONVERSION = YES;
				CLANG_WARN_NON_LITERAL_NULL_CONVERSION = YES;
				CLANG_WARN_OBJC_IMPLICIT_RETAIN_SELF = YES;
				CLANG_WARN_OBJC_LITERAL_CONVERSION = YES;
				CLANG_WARN_OBJC_ROOT_CLASS = YES_ERROR;
				CLANG_WARN_RANGE_LOOP_ANALYSIS = YES;
				CLANG_WARN_STRICT_PROTOTYPES = YES;
				CLANG_WARN_SUSPICIOUS_MOVE = YES;
				CLANG_WARN_UNGUARDED_AVAILABILITY = YES_AGGRESSIVE;
				CLANG_WARN_UNREACHABLE_CODE = YES;
				CLANG_WARN__DUPLICATE_METHOD_MATCH = YES;
				CODE_SIGN_IDENTITY = "iPhone Developer";
				COPY_PHASE_STRIP = NO;
				DEBUG_INFORMATION_FORMAT = dwarf;
				ENABLE_STRICT_OBJC_MSGSEND = YES;
				ENABLE_TESTABILITY = YES;
				GCC_C_LANGUAGE_STANDARD = gnu11;
				GCC_DYNAMIC_NO_PIC = NO;
				GCC_NO_COMMON_BLOCKS = YES;
				GCC_OPTIMIZATION_LEVEL = 0;
				GCC_PREPROCESSOR_DEFINITIONS = (
					"DEBUG=1",
					"$(inherited)",
				);
				GCC_WARN_64_TO_32_BIT_CONVERSION = YES;
				GCC_WARN_ABOUT_RETURN_TYPE = YES_ERROR;
				GCC_WARN_UNDECLARED_SELECTOR = YES;
				GCC_WARN_UNINITIALIZED_AUTOS = YES_AGGRESSIVE;
				GCC_WARN_UNUSED_FUNCTION = YES;
				GCC_WARN_UNUSED_VARIABLE = YES;
				IPHONEOS_DEPLOYMENT_TARGET = 12.4;
				MTL_ENABLE_DEBUG_INFO = INCLUDE_SOURCE;
				MTL_FAST_MATH = YES;
				ONLY_ACTIVE_ARCH = YES;
				SDKROOT = iphoneos;
				SWIFT_ACTIVE_COMPILATION_CONDITIONS = DEBUG;
				SWIFT_OPTIMIZATION_LEVEL = "-Onone";
			};
			name = Debug;
		};
		3C55585923FE4F62005530B2 /* Release */ = {
			isa = XCBuildConfiguration;
			buildSettings = {
				ALWAYS_SEARCH_USER_PATHS = NO;
				CLANG_ANALYZER_NONNULL = YES;
				CLANG_ANALYZER_NUMBER_OBJECT_CONVERSION = YES_AGGRESSIVE;
				CLANG_CXX_LANGUAGE_STANDARD = "gnu++14";
				CLANG_CXX_LIBRARY = "libc++";
				CLANG_ENABLE_MODULES = YES;
				CLANG_ENABLE_OBJC_ARC = YES;
				CLANG_ENABLE_OBJC_WEAK = YES;
				CLANG_WARN_BLOCK_CAPTURE_AUTORELEASING = YES;
				CLANG_WARN_BOOL_CONVERSION = YES;
				CLANG_WARN_COMMA = YES;
				CLANG_WARN_CONSTANT_CONVERSION = YES;
				CLANG_WARN_DEPRECATED_OBJC_IMPLEMENTATIONS = YES;
				CLANG_WARN_DIRECT_OBJC_ISA_USAGE = YES_ERROR;
				CLANG_WARN_DOCUMENTATION_COMMENTS = YES;
				CLANG_WARN_EMPTY_BODY = YES;
				CLANG_WARN_ENUM_CONVERSION = YES;
				CLANG_WARN_INFINITE_RECURSION = YES;
				CLANG_WARN_INT_CONVERSION = YES;
				CLANG_WARN_NON_LITERAL_NULL_CONVERSION = YES;
				CLANG_WARN_OBJC_IMPLICIT_RETAIN_SELF = YES;
				CLANG_WARN_OBJC_LITERAL_CONVERSION = YES;
				CLANG_WARN_OBJC_ROOT_CLASS = YES_ERROR;
				CLANG_WARN_RANGE_LOOP_ANALYSIS = YES;
				CLANG_WARN_STRICT_PROTOTYPES = YES;
				CLANG_WARN_SUSPICIOUS_MOVE = YES;
				CLANG_WARN_UNGUARDED_AVAILABILITY = YES_AGGRESSIVE;
				CLANG_WARN_UNREACHABLE_CODE = YES;
				CLANG_WARN__DUPLICATE_METHOD_MATCH = YES;
				CODE_SIGN_IDENTITY = "iPhone Developer";
				COPY_PHASE_STRIP = NO;
				DEBUG_INFORMATION_FORMAT = "dwarf-with-dsym";
				ENABLE_NS_ASSERTIONS = NO;
				ENABLE_STRICT_OBJC_MSGSEND = YES;
				GCC_C_LANGUAGE_STANDARD = gnu11;
				GCC_NO_COMMON_BLOCKS = YES;
				GCC_WARN_64_TO_32_BIT_CONVERSION = YES;
				GCC_WARN_ABOUT_RETURN_TYPE = YES_ERROR;
				GCC_WARN_UNDECLARED_SELECTOR = YES;
				GCC_WARN_UNINITIALIZED_AUTOS = YES_AGGRESSIVE;
				GCC_WARN_UNUSED_FUNCTION = YES;
				GCC_WARN_UNUSED_VARIABLE = YES;
				IPHONEOS_DEPLOYMENT_TARGET = 12.4;
				MTL_ENABLE_DEBUG_INFO = NO;
				MTL_FAST_MATH = YES;
				SDKROOT = iphoneos;
				SWIFT_COMPILATION_MODE = wholemodule;
				SWIFT_OPTIMIZATION_LEVEL = "-O";
				VALIDATE_PRODUCT = YES;
			};
			name = Release;
		};
		3C55585B23FE4F62005530B2 /* Debug */ = {
			isa = XCBuildConfiguration;
			baseConfigurationReference = 78AE8EEB6E1D1684F3FFD784 /* Pods-L.T.A.S-Abenayaka-cobsccomp182p-008.debug.xcconfig */;
			buildSettings = {
				ASSETCATALOG_COMPILER_APPICON_NAME = AppIcon;
				CODE_SIGN_STYLE = Automatic;
				DEVELOPMENT_TEAM = 3KXV8X84Q6;
				INFOPLIST_FILE = "L.T.A.S-Abenayaka-cobsccomp182p-008/Info.plist";
				LD_RUNPATH_SEARCH_PATHS = (
					"$(inherited)",
					"@executable_path/Frameworks",
				);
				PRODUCT_BUNDLE_IDENTIFIER = "Anjalee.L-T-A-S-Abenayaka-cobsccomp182p-008";
				PRODUCT_NAME = "$(TARGET_NAME)";
				SWIFT_VERSION = 5.0;
				TARGETED_DEVICE_FAMILY = "1,2";
			};
			name = Debug;
		};
		3C55585C23FE4F62005530B2 /* Release */ = {
			isa = XCBuildConfiguration;
			baseConfigurationReference = 376470F17BDC4C730E6E5A0A /* Pods-L.T.A.S-Abenayaka-cobsccomp182p-008.release.xcconfig */;
			buildSettings = {
				ASSETCATALOG_COMPILER_APPICON_NAME = AppIcon;
				CODE_SIGN_STYLE = Automatic;
				DEVELOPMENT_TEAM = 3KXV8X84Q6;
				INFOPLIST_FILE = "L.T.A.S-Abenayaka-cobsccomp182p-008/Info.plist";
				LD_RUNPATH_SEARCH_PATHS = (
					"$(inherited)",
					"@executable_path/Frameworks",
				);
				PRODUCT_BUNDLE_IDENTIFIER = "Anjalee.L-T-A-S-Abenayaka-cobsccomp182p-008";
				PRODUCT_NAME = "$(TARGET_NAME)";
				SWIFT_VERSION = 5.0;
				TARGETED_DEVICE_FAMILY = "1,2";
			};
			name = Release;
		};
		3C55585E23FE4F62005530B2 /* Debug */ = {
			isa = XCBuildConfiguration;
			baseConfigurationReference = 64332E83D6A0B5187BDA1BEF /* Pods-L.T.A.S-Abenayaka-cobsccomp182p-008Tests.debug.xcconfig */;
			buildSettings = {
				ALWAYS_EMBED_SWIFT_STANDARD_LIBRARIES = YES;
				BUNDLE_LOADER = "$(TEST_HOST)";
				CODE_SIGN_STYLE = Automatic;
				DEVELOPMENT_TEAM = 3KXV8X84Q6;
				INFOPLIST_FILE = "L.T.A.S-Abenayaka-cobsccomp182p-008Tests/Info.plist";
				LD_RUNPATH_SEARCH_PATHS = (
					"$(inherited)",
					"@executable_path/Frameworks",
					"@loader_path/Frameworks",
				);
				PRODUCT_BUNDLE_IDENTIFIER = "Anjalee.L-T-A-S-Abenayaka-cobsccomp182p-008Tests";
				PRODUCT_NAME = "$(TARGET_NAME)";
				SWIFT_VERSION = 5.0;
				TARGETED_DEVICE_FAMILY = "1,2";
				TEST_HOST = "$(BUILT_PRODUCTS_DIR)/L.T.A.S-Abenayaka-cobsccomp182p-008.app/L.T.A.S-Abenayaka-cobsccomp182p-008";
			};
			name = Debug;
		};
		3C55585F23FE4F62005530B2 /* Release */ = {
			isa = XCBuildConfiguration;
			baseConfigurationReference = 5E393EC38B1E9B8EE053CC11 /* Pods-L.T.A.S-Abenayaka-cobsccomp182p-008Tests.release.xcconfig */;
			buildSettings = {
				ALWAYS_EMBED_SWIFT_STANDARD_LIBRARIES = YES;
				BUNDLE_LOADER = "$(TEST_HOST)";
				CODE_SIGN_STYLE = Automatic;
				DEVELOPMENT_TEAM = 3KXV8X84Q6;
				INFOPLIST_FILE = "L.T.A.S-Abenayaka-cobsccomp182p-008Tests/Info.plist";
				LD_RUNPATH_SEARCH_PATHS = (
					"$(inherited)",
					"@executable_path/Frameworks",
					"@loader_path/Frameworks",
				);
				PRODUCT_BUNDLE_IDENTIFIER = "Anjalee.L-T-A-S-Abenayaka-cobsccomp182p-008Tests";
				PRODUCT_NAME = "$(TARGET_NAME)";
				SWIFT_VERSION = 5.0;
				TARGETED_DEVICE_FAMILY = "1,2";
				TEST_HOST = "$(BUILT_PRODUCTS_DIR)/L.T.A.S-Abenayaka-cobsccomp182p-008.app/L.T.A.S-Abenayaka-cobsccomp182p-008";
			};
			name = Release;
		};
		3C55586123FE4F62005530B2 /* Debug */ = {
			isa = XCBuildConfiguration;
			baseConfigurationReference = EE88000837252D2438089134 /* Pods-L.T.A.S-Abenayaka-cobsccomp182p-008-L.T.A.S-Abenayaka-cobsccomp182p-008UITests.debug.xcconfig */;
			buildSettings = {
				ALWAYS_EMBED_SWIFT_STANDARD_LIBRARIES = YES;
				CODE_SIGN_STYLE = Automatic;
				DEVELOPMENT_TEAM = 3KXV8X84Q6;
				INFOPLIST_FILE = "L.T.A.S-Abenayaka-cobsccomp182p-008UITests/Info.plist";
				LD_RUNPATH_SEARCH_PATHS = (
					"$(inherited)",
					"@executable_path/Frameworks",
					"@loader_path/Frameworks",
				);
				PRODUCT_BUNDLE_IDENTIFIER = "Anjalee.L-T-A-S-Abenayaka-cobsccomp182p-008UITests";
				PRODUCT_NAME = "$(TARGET_NAME)";
				SWIFT_VERSION = 5.0;
				TARGETED_DEVICE_FAMILY = "1,2";
				TEST_TARGET_NAME = "L.T.A.S-Abenayaka-cobsccomp182p-008";
			};
			name = Debug;
		};
		3C55586223FE4F62005530B2 /* Release */ = {
			isa = XCBuildConfiguration;
			baseConfigurationReference = 671C6600BC33410FC067B800 /* Pods-L.T.A.S-Abenayaka-cobsccomp182p-008-L.T.A.S-Abenayaka-cobsccomp182p-008UITests.release.xcconfig */;
			buildSettings = {
				ALWAYS_EMBED_SWIFT_STANDARD_LIBRARIES = YES;
				CODE_SIGN_STYLE = Automatic;
				DEVELOPMENT_TEAM = 3KXV8X84Q6;
				INFOPLIST_FILE = "L.T.A.S-Abenayaka-cobsccomp182p-008UITests/Info.plist";
				LD_RUNPATH_SEARCH_PATHS = (
					"$(inherited)",
					"@executable_path/Frameworks",
					"@loader_path/Frameworks",
				);
				PRODUCT_BUNDLE_IDENTIFIER = "Anjalee.L-T-A-S-Abenayaka-cobsccomp182p-008UITests";
				PRODUCT_NAME = "$(TARGET_NAME)";
				SWIFT_VERSION = 5.0;
				TARGETED_DEVICE_FAMILY = "1,2";
				TEST_TARGET_NAME = "L.T.A.S-Abenayaka-cobsccomp182p-008";
			};
			name = Release;
		};
/* End XCBuildConfiguration section */

/* Begin XCConfigurationList section */
		3C55582D23FE4F60005530B2 /* Build configuration list for PBXProject "L.T.A.S-Abenayaka-cobsccomp182p-008" */ = {
			isa = XCConfigurationList;
			buildConfigurations = (
				3C55585823FE4F62005530B2 /* Debug */,
				3C55585923FE4F62005530B2 /* Release */,
			);
			defaultConfigurationIsVisible = 0;
			defaultConfigurationName = Release;
		};
		3C55585A23FE4F62005530B2 /* Build configuration list for PBXNativeTarget "L.T.A.S-Abenayaka-cobsccomp182p-008" */ = {
			isa = XCConfigurationList;
			buildConfigurations = (
				3C55585B23FE4F62005530B2 /* Debug */,
				3C55585C23FE4F62005530B2 /* Release */,
			);
			defaultConfigurationIsVisible = 0;
			defaultConfigurationName = Release;
		};
		3C55585D23FE4F62005530B2 /* Build configuration list for PBXNativeTarget "L.T.A.S-Abenayaka-cobsccomp182p-008Tests" */ = {
			isa = XCConfigurationList;
			buildConfigurations = (
				3C55585E23FE4F62005530B2 /* Debug */,
				3C55585F23FE4F62005530B2 /* Release */,
			);
			defaultConfigurationIsVisible = 0;
			defaultConfigurationName = Release;
		};
		3C55586023FE4F62005530B2 /* Build configuration list for PBXNativeTarget "L.T.A.S-Abenayaka-cobsccomp182p-008UITests" */ = {
			isa = XCConfigurationList;
			buildConfigurations = (
				3C55586123FE4F62005530B2 /* Debug */,
				3C55586223FE4F62005530B2 /* Release */,
			);
			defaultConfigurationIsVisible = 0;
			defaultConfigurationName = Release;
		};
/* End XCConfigurationList section */
	};
	rootObject = 3C55582A23FE4F60005530B2 /* Project object */;
}
